
Microsoft Visual Studio Solution File, Format Version 12.00
# Visual Studio Version 16
VisualStudioVersion = 16.0.31702.278
MinimumVisualStudioVersion = 10.0.40219.1
Project("{FAE04EC0-301F-11D3-BF4B-00C04F79EFBC}") = "ListViewLiveSearch", "ListViewLiveSearch.csproj", "{AA25050C-C0C8-4F79-93E6-19EEEE58FE9C}"
EndProject
Global
	GlobalSection(SolutionConfigurationPlatforms) = preSolution
		Debug|Any CPU = Debug|Any CPU
		Release|Any CPU = Release|Any CPU
	EndGlobalSection
	GlobalSection(ProjectConfigurationPlatforms) = postSolution
		{AA25050C-C0C8-4F79-93E6-19EEEE58FE9C}.Debug|Any CPU.ActiveCfg = Debug|Any CPU
		{AA25050C-C0C8-4F79-93E6-19EEEE58FE9C}.Debug|Any CPU.Build.0 = Debug|Any CPU
		{AA25050C-C0C8-4F79-93E6-19EEEE58FE9C}.Release|Any CPU.ActiveCfg = Release|Any CPU
		{AA25050C-C0C8-4F79-93E6-19EEEE58FE9C}.Release|Any CPU.Build.0 = Release|Any CPU
	EndGlobalSection
	GlobalSection(SolutionProperties) = preSolution
		HideSolutionNode = FALSE
	EndGlobalSection
	GlobalSection(ExtensibilityGlobals) = postSolution
		SolutionGuid = {4B22087C-463D-41EB-BEA8-B170B678F4DC}
	EndGlobalSection
EndGlobal
